<?xml version="1.0" encoding="UTF-8" standalone="yes" ?>
<CodeBlocks_project_file>
	<FileVersion major="1" minor="6" />
	<Project>
		<Option title="kalandjatekv2" />
		<Option pch_mode="2" />
		<Option compiler="gcc" />
		<Build>
			<Target title="Debug">
				<Option output="bin/Debug/kalandjatekv2" prefix_auto="1" extension_auto="1" />
				<Option object_output="obj/Debug/" />
				<Option type="1" />
				<Option compiler="gcc" />
				<Compiler>
					<Add option="-g" />
					<Add directory="include" />
				</Compiler>
			</Target>
			<Target title="Release">
				<Option output="bin/Release/kalandjatekv2" prefix_auto="1" extension_auto="1" />
				<Option object_output="obj/Release/" />
				<Option type="1" />
				<Option compiler="gcc" />
				<Compiler>
					<Add option="-O2" />
					<Add directory="include" />
				</Compiler>
				<Linker>
					<Add option="-s" />
				</Linker>
			</Target>
		</Build>
		<Compiler>
			<Add option="-Wall" />
			<Add option="-fexceptions" />
		</Compiler>
		<Unit filename="include/Ellenseg.h" />
		<Unit filename="include/Esemeny.h" />
		<Unit filename="include/Fegyver.h" />
		<Unit filename="include/Ital.h" />
		<Unit filename="include/Jatek.h" />
		<Unit filename="include/Jatekos.h" />
		<Unit filename="include/Karakter.h" />
		<Unit filename="include/Kiegeszito.h" />
		<Unit filename="include/Targy.h" />
		<Unit filename="include/gtest_lite.h" />
		<Unit filename="include/memtrace.h" />
		<Unit filename="main.cpp" />
		<Unit filename="src/Ellenseg.cpp" />
		<Unit filename="src/Esemeny.cpp" />
		<Unit filename="src/Fegyver.cpp" />
		<Unit filename="src/Ital.cpp" />
		<Unit filename="src/Jatek.cpp" />
		<Unit filename="src/Jatekos.cpp" />
		<Unit filename="src/Karakter.cpp" />
		<Unit filename="src/Kiegeszito.cpp" />
		<Unit filename="src/Targy.cpp" />
		<Unit filename="src/memtrace.cpp" />
		<Extensions>
			<lib_finder disable_auto="1" />
		</Extensions>
	</Project>
</CodeBlocks_project_file>
